
Microsoft Visual Studio Solution File, Format Version 12.00
# Visual Studio 15
VisualStudioVersion = 15.0.27130.2010
MinimumVisualStudioVersion = 10.0.40219.1
Project("{E24C65DC-7377-472B-9ABA-BC803B73C61A}") = "WebForms", "WebForms\", "{3F310DF2-5FCB-4211-AA1E-6B9D82281602}"
	ProjectSection(WebsiteProperties) = preProject
		TargetFrameworkMoniker = ".NETFramework,Version%3Dv3.5"
		Debug.AspNetCompiler.VirtualPath = "/localhost_51295"
		Debug.AspNetCompiler.PhysicalPath = "WebForms\"
		Debug.AspNetCompiler.TargetPath = "PrecompiledWeb\localhost_51295\"
		Debug.AspNetCompiler.Updateable = "true"
		Debug.AspNetCompiler.ForceOverwrite = "true"
		Debug.AspNetCompiler.FixedNames = "false"
		Debug.AspNetCompiler.Debug = "True"
		Release.AspNetCompiler.VirtualPath = "/localhost_51295"
		Release.AspNetCompiler.PhysicalPath = "WebForms\"
		Release.AspNetCompiler.TargetPath = "PrecompiledWeb\localhost_51295\"
		Release.AspNetCompiler.Updateable = "true"
		Release.AspNetCompiler.ForceOverwrite = "true"
		Release.AspNetCompiler.FixedNames = "false"
		Release.AspNetCompiler.Debug = "False"
		VWDPort = "51295"
		SlnRelativePath = "WebForms\"
		DefaultWebSiteLanguage = "Visual C#"
	EndProjectSection
EndProject
Global
	GlobalSection(SolutionConfigurationPlatforms) = preSolution
		Debug|Any CPU = Debug|Any CPU
	EndGlobalSection
	GlobalSection(ProjectConfigurationPlatforms) = postSolution
		{3F310DF2-5FCB-4211-AA1E-6B9D82281602}.Debug|Any CPU.ActiveCfg = Debug|Any CPU
		{3F310DF2-5FCB-4211-AA1E-6B9D82281602}.Debug|Any CPU.Build.0 = Debug|Any CPU
	EndGlobalSection
	GlobalSection(SolutionProperties) = preSolution
		HideSolutionNode = FALSE
	EndGlobalSection
	GlobalSection(ExtensibilityGlobals) = postSolution
		SolutionGuid = {9778735A-878B-4B44-AF62-3435E2585B05}
	EndGlobalSection
EndGlobal
