
Microsoft Visual Studio Solution File, Format Version 12.00
# Visual Studio 15
VisualStudioVersion = 15.0.27130.2010
MinimumVisualStudioVersion = 10.0.40219.1
Project("{9A19103F-16F7-4668-BE54-9A1E7A4F7556}") = "CadeMeuMedico", "CadeMeuMedico\CadeMeuMedico.csproj", "{C4D8173C-D7A4-4FB0-98DF-CE75539730E7}"
EndProject
Project("{9A19103F-16F7-4668-BE54-9A1E7A4F7556}") = "CadeMeuMedico.API", "CadeMeuMedico.API\CadeMeuMedico.API.csproj", "{02C23385-55CA-450D-B35E-F86B88BABEAC}"
EndProject
Project("{FAE04EC0-301F-11D3-BF4B-00C04F79EFBC}") = "CadeMeuMedico.Testes", "CadeMeuMedico.Testes\CadeMeuMedico.Testes.csproj", "{393C9C48-5B26-4524-8D76-C3E7960014DE}"
EndProject
Global
	GlobalSection(SolutionConfigurationPlatforms) = preSolution
		Debug|Any CPU = Debug|Any CPU
		Release|Any CPU = Release|Any CPU
	EndGlobalSection
	GlobalSection(ProjectConfigurationPlatforms) = postSolution
		{C4D8173C-D7A4-4FB0-98DF-CE75539730E7}.Debug|Any CPU.ActiveCfg = Debug|Any CPU
		{C4D8173C-D7A4-4FB0-98DF-CE75539730E7}.Debug|Any CPU.Build.0 = Debug|Any CPU
		{C4D8173C-D7A4-4FB0-98DF-CE75539730E7}.Release|Any CPU.ActiveCfg = Release|Any CPU
		{C4D8173C-D7A4-4FB0-98DF-CE75539730E7}.Release|Any CPU.Build.0 = Release|Any CPU
		{02C23385-55CA-450D-B35E-F86B88BABEAC}.Debug|Any CPU.ActiveCfg = Debug|Any CPU
		{02C23385-55CA-450D-B35E-F86B88BABEAC}.Debug|Any CPU.Build.0 = Debug|Any CPU
		{02C23385-55CA-450D-B35E-F86B88BABEAC}.Release|Any CPU.ActiveCfg = Release|Any CPU
		{02C23385-55CA-450D-B35E-F86B88BABEAC}.Release|Any CPU.Build.0 = Release|Any CPU
		{393C9C48-5B26-4524-8D76-C3E7960014DE}.Debug|Any CPU.ActiveCfg = Debug|Any CPU
		{393C9C48-5B26-4524-8D76-C3E7960014DE}.Debug|Any CPU.Build.0 = Debug|Any CPU
		{393C9C48-5B26-4524-8D76-C3E7960014DE}.Release|Any CPU.ActiveCfg = Release|Any CPU
		{393C9C48-5B26-4524-8D76-C3E7960014DE}.Release|Any CPU.Build.0 = Release|Any CPU
	EndGlobalSection
	GlobalSection(SolutionProperties) = preSolution
		HideSolutionNode = FALSE
	EndGlobalSection
	GlobalSection(ExtensibilityGlobals) = postSolution
		SolutionGuid = {051B617C-9D06-4613-AC80-6927D15CCFC3}
	EndGlobalSection
EndGlobal
